
Microsoft Visual Studio Solution File, Format Version 12.00
# Visual Studio Version 17
VisualStudioVersion = 17.6.33815.320
MinimumVisualStudioVersion = 10.0.40219.1
Project("{FAE04EC0-301F-11D3-BF4B-00C04F79EFBC}") = "TestToKomosApp", "TestToKomosApp\TestToKomosApp.csproj", "{88086753-0D04-4340-8FF3-12A34B9BBD77}"
EndProject
Global
	GlobalSection(SolutionConfigurationPlatforms) = preSolution
		Debug|Any CPU = Debug|Any CPU
		Release|Any CPU = Release|Any CPU
	EndGlobalSection
	GlobalSection(ProjectConfigurationPlatforms) = postSolution
		{88086753-0D04-4340-8FF3-12A34B9BBD77}.Debug|Any CPU.ActiveCfg = Debug|Any CPU
		{88086753-0D04-4340-8FF3-12A34B9BBD77}.Debug|Any CPU.Build.0 = Debug|Any CPU
		{88086753-0D04-4340-8FF3-12A34B9BBD77}.Release|Any CPU.ActiveCfg = Release|Any CPU
		{88086753-0D04-4340-8FF3-12A34B9BBD77}.Release|Any CPU.Build.0 = Release|Any CPU
	EndGlobalSection
	GlobalSection(SolutionProperties) = preSolution
		HideSolutionNode = FALSE
	EndGlobalSection
	GlobalSection(ExtensibilityGlobals) = postSolution
		SolutionGuid = {E2788752-49D1-485F-BDC1-21E387113C60}
	EndGlobalSection
EndGlobal
